
Microsoft Visual Studio Solution File, Format Version 12.00
# Visual Studio Version 16
VisualStudioVersion = 16.0.29728.190
MinimumVisualStudioVersion = 10.0.40219.1
Project("{FAE04EC0-301F-11D3-BF4B-00C04F79EFBC}") = "Article.Web", "Article.Web\Article.Web.csproj", "{F3DB7221-38A1-430E-8B09-4ED26ED029A8}"
EndProject
Project("{FAE04EC0-301F-11D3-BF4B-00C04F79EFBC}") = "Article.Data", "Article.Data\Article.Data.csproj", "{0D2B5C77-4401-4CA9-8D55-9A2E74C1C810}"
EndProject
Project("{FAE04EC0-301F-11D3-BF4B-00C04F79EFBC}") = "Article.Repos", "Article.Repos\Article.Repos.csproj", "{EB5C6D31-E3C7-4ECA-9D8F-C4DE995B8972}"
EndProject
Global
	GlobalSection(SolutionConfigurationPlatforms) = preSolution
		Debug|Any CPU = Debug|Any CPU
		Release|Any CPU = Release|Any CPU
	EndGlobalSection
	GlobalSection(ProjectConfigurationPlatforms) = postSolution
		{F3DB7221-38A1-430E-8B09-4ED26ED029A8}.Debug|Any CPU.ActiveCfg = Debug|Any CPU
		{F3DB7221-38A1-430E-8B09-4ED26ED029A8}.Debug|Any CPU.Build.0 = Debug|Any CPU
		{F3DB7221-38A1-430E-8B09-4ED26ED029A8}.Release|Any CPU.ActiveCfg = Release|Any CPU
		{F3DB7221-38A1-430E-8B09-4ED26ED029A8}.Release|Any CPU.Build.0 = Release|Any CPU
		{0D2B5C77-4401-4CA9-8D55-9A2E74C1C810}.Debug|Any CPU.ActiveCfg = Debug|Any CPU
		{0D2B5C77-4401-4CA9-8D55-9A2E74C1C810}.Debug|Any CPU.Build.0 = Debug|Any CPU
		{0D2B5C77-4401-4CA9-8D55-9A2E74C1C810}.Release|Any CPU.ActiveCfg = Release|Any CPU
		{0D2B5C77-4401-4CA9-8D55-9A2E74C1C810}.Release|Any CPU.Build.0 = Release|Any CPU
		{EB5C6D31-E3C7-4ECA-9D8F-C4DE995B8972}.Debug|Any CPU.ActiveCfg = Debug|Any CPU
		{EB5C6D31-E3C7-4ECA-9D8F-C4DE995B8972}.Debug|Any CPU.Build.0 = Debug|Any CPU
		{EB5C6D31-E3C7-4ECA-9D8F-C4DE995B8972}.Release|Any CPU.ActiveCfg = Release|Any CPU
		{EB5C6D31-E3C7-4ECA-9D8F-C4DE995B8972}.Release|Any CPU.Build.0 = Release|Any CPU
	EndGlobalSection
	GlobalSection(SolutionProperties) = preSolution
		HideSolutionNode = FALSE
	EndGlobalSection
	GlobalSection(ExtensibilityGlobals) = postSolution
		SolutionGuid = {0B46C2B4-A359-4D2B-AAD8-A6E8B2238666}
	EndGlobalSection
EndGlobal
